
Microsoft Visual Studio Solution File, Format Version 12.00
# Visual Studio Version 17
VisualStudioVersion = 17.5.33414.496
MinimumVisualStudioVersion = 10.0.40219.1
Project("{9A19103F-16F7-4668-BE54-9A1E7A4F7556}") = "HackerNewsAPIDemo", "HackerNewsAPIDemo\HackerNewsAPIDemo.csproj", "{EF8715E5-5CD9-4B18-9EFE-99A85519FF45}"
EndProject
Project("{FAE04EC0-301F-11D3-BF4B-00C04F79EFBC}") = "HackerNewsXUnit", "HackerNewsXUnit\HackerNewsXUnit.csproj", "{BCBC46E3-D862-412F-978D-5451305E1706}"
EndProject
Global
	GlobalSection(SolutionConfigurationPlatforms) = preSolution
		Debug|Any CPU = Debug|Any CPU
		Release|Any CPU = Release|Any CPU
	EndGlobalSection
	GlobalSection(ProjectConfigurationPlatforms) = postSolution
		{EF8715E5-5CD9-4B18-9EFE-99A85519FF45}.Debug|Any CPU.ActiveCfg = Debug|Any CPU
		{EF8715E5-5CD9-4B18-9EFE-99A85519FF45}.Debug|Any CPU.Build.0 = Debug|Any CPU
		{EF8715E5-5CD9-4B18-9EFE-99A85519FF45}.Release|Any CPU.ActiveCfg = Release|Any CPU
		{EF8715E5-5CD9-4B18-9EFE-99A85519FF45}.Release|Any CPU.Build.0 = Release|Any CPU
		{BCBC46E3-D862-412F-978D-5451305E1706}.Debug|Any CPU.ActiveCfg = Debug|Any CPU
		{BCBC46E3-D862-412F-978D-5451305E1706}.Debug|Any CPU.Build.0 = Debug|Any CPU
		{BCBC46E3-D862-412F-978D-5451305E1706}.Release|Any CPU.ActiveCfg = Release|Any CPU
		{BCBC46E3-D862-412F-978D-5451305E1706}.Release|Any CPU.Build.0 = Release|Any CPU
	EndGlobalSection
	GlobalSection(SolutionProperties) = preSolution
		HideSolutionNode = FALSE
	EndGlobalSection
	GlobalSection(ExtensibilityGlobals) = postSolution
		SolutionGuid = {ECA66788-8B10-47FA-837E-532D74873D14}
	EndGlobalSection
EndGlobal
